// !$*UTF8*$!
{
	archiveVersion = 1;
	classes = {
	};
	objectVersion = 46;
	objects = {

/* Begin PBXBuildFile section */
		91690A421DECC1AE003B94FF /* TravelTableViewController.storyboard in Resources */ = {isa = PBXBuildFile; fileRef = 91690A411DECC1AE003B94FF /* TravelTableViewController.storyboard */; };
		91690A471DECC2B1003B94FF /* TravelTableViewController.swift in Sources */ = {isa = PBXBuildFile; fileRef = 91690A461DECC2B1003B94FF /* TravelTableViewController.swift */; };
		91690A491DECC2C7003B94FF /* Model.swift in Sources */ = {isa = PBXBuildFile; fileRef = 91690A481DECC2C7003B94FF /* Model.swift */; };
		91690A4B1DECC4FC003B94FF /* TravelTableViewCell.swift in Sources */ = {isa = PBXBuildFile; fileRef = 91690A4A1DECC4FC003B94FF /* TravelTableViewCell.swift */; };
		91690A501DEE1B34003B94FF /* Commute.xcdatamodeld in Sources */ = {isa = PBXBuildFile; fileRef = 91690A4E1DEE1B34003B94FF /* Commute.xcdatamodeld */; };
		91690A521DEE1C14003B94FF /* CoreDataManager.swift in Sources */ = {isa = PBXBuildFile; fileRef = 91690A511DEE1C14003B94FF /* CoreDataManager.swift */; };
		91690A541DEE3367003B94FF /* NetworkManager.swift in Sources */ = {isa = PBXBuildFile; fileRef = 91690A531DEE3367003B94FF /* NetworkManager.swift */; };
		91690A581DEE42A8003B94FF /* MenuTabBarController.swift in Sources */ = {isa = PBXBuildFile; fileRef = 91690A571DEE42A8003B94FF /* MenuTabBarController.swift */; };
		91AEF41E1DEB55600007B1D0 /* AppDelegate.swift in Sources */ = {isa = PBXBuildFile; fileRef = 91AEF41D1DEB55600007B1D0 /* AppDelegate.swift */; };
		91AEF4251DEB55600007B1D0 /* Main.storyboard in Resources */ = {isa = PBXBuildFile; fileRef = 91AEF4231DEB55600007B1D0 /* Main.storyboard */; };
		91AEF4271DEB55600007B1D0 /* Assets.xcassets in Resources */ = {isa = PBXBuildFile; fileRef = 91AEF4261DEB55600007B1D0 /* Assets.xcassets */; };
		91AEF42A1DEB55600007B1D0 /* LaunchScreen.storyboard in Resources */ = {isa = PBXBuildFile; fileRef = 91AEF4281DEB55600007B1D0 /* LaunchScreen.storyboard */; };
		91AEF4351DEB55600007B1D0 /* CommuteTests.swift in Sources */ = {isa = PBXBuildFile; fileRef = 91AEF4341DEB55600007B1D0 /* CommuteTests.swift */; };
		91EE701E1DF0E7D80079ED43 /* ImageEntity+CoreDataClass.swift in Sources */ = {isa = PBXBuildFile; fileRef = 91EE701C1DF0E7D80079ED43 /* ImageEntity+CoreDataClass.swift */; };
		91EE701F1DF0E7D80079ED43 /* ImageEntity+CoreDataProperties.swift in Sources */ = {isa = PBXBuildFile; fileRef = 91EE701D1DF0E7D80079ED43 /* ImageEntity+CoreDataProperties.swift */; };
		91EE70231DF0F3AC0079ED43 /* LogoImage.swift in Sources */ = {isa = PBXBuildFile; fileRef = 91EE70221DF0F3AC0079ED43 /* LogoImage.swift */; };
/* End PBXBuildFile section */

/* Begin PBXContainerItemProxy section */
		91AEF4311DEB55600007B1D0 /* PBXContainerItemProxy */ = {
			isa = PBXContainerItemProxy;
			containerPortal = 91AEF4121DEB55600007B1D0 /* Project object */;
			proxyType = 1;
			remoteGlobalIDString = 91AEF4191DEB55600007B1D0;
			remoteInfo = Commute;
		};
/* End PBXContainerItemProxy section */

/* Begin PBXFileReference section */
		91690A411DECC1AE003B94FF /* TravelTableViewController.storyboard */ = {isa = PBXFileReference; fileEncoding = 4; lastKnownFileType = file.storyboard; path = TravelTableViewController.storyboard; sourceTree = "<group>"; };
		91690A461DECC2B1003B94FF /* TravelTableViewController.swift */ = {isa = PBXFileReference; fileEncoding = 4; lastKnownFileType = sourcecode.swift; path = TravelTableViewController.swift; sourceTree = "<group>"; };
		91690A481DECC2C7003B94FF /* Model.swift */ = {isa = PBXFileReference; fileEncoding = 4; lastKnownFileType = sourcecode.swift; path = Model.swift; sourceTree = "<group>"; };
		91690A4A1DECC4FC003B94FF /* TravelTableViewCell.swift */ = {isa = PBXFileReference; fileEncoding = 4; lastKnownFileType = sourcecode.swift; path = TravelTableViewCell.swift; sourceTree = "<group>"; };
		91690A4F1DEE1B34003B94FF /* Commute.xcdatamodel */ = {isa = PBXFileReference; lastKnownFileType = wrapper.xcdatamodel; path = Commute.xcdatamodel; sourceTree = "<group>"; };
		91690A511DEE1C14003B94FF /* CoreDataManager.swift */ = {isa = PBXFileReference; fileEncoding = 4; lastKnownFileType = sourcecode.swift; path = CoreDataManager.swift; sourceTree = "<group>"; };
		91690A531DEE3367003B94FF /* NetworkManager.swift */ = {isa = PBXFileReference; fileEncoding = 4; lastKnownFileType = sourcecode.swift; path = NetworkManager.swift; sourceTree = "<group>"; };
		91690A571DEE42A8003B94FF /* MenuTabBarController.swift */ = {isa = PBXFileReference; fileEncoding = 4; lastKnownFileType = sourcecode.swift; path = MenuTabBarController.swift; sourceTree = "<group>"; };
		91AEF41A1DEB55600007B1D0 /* Commute.app */ = {isa = PBXFileReference; explicitFileType = wrapper.application; includeInIndex = 0; path = Commute.app; sourceTree = BUILT_PRODUCTS_DIR; };
		91AEF41D1DEB55600007B1D0 /* AppDelegate.swift */ = {isa = PBXFileReference; lastKnownFileType = sourcecode.swift; path = AppDelegate.swift; sourceTree = "<group>"; };
		91AEF4241DEB55600007B1D0 /* Base */ = {isa = PBXFileReference; lastKnownFileType = file.storyboard; name = Base; path = Base.lproj/Main.storyboard; sourceTree = "<group>"; };
		91AEF4261DEB55600007B1D0 /* Assets.xcassets */ = {isa = PBXFileReference; lastKnownFileType = folder.assetcatalog; path = Assets.xcassets; sourceTree = "<group>"; };
		91AEF4291DEB55600007B1D0 /* Base */ = {isa = PBXFileReference; lastKnownFileType = file.storyboard; name = Base; path = Base.lproj/LaunchScreen.storyboard; sourceTree = "<group>"; };
		91AEF42B1DEB55600007B1D0 /* Info.plist */ = {isa = PBXFileReference; lastKnownFileType = text.plist.xml; path = Info.plist; sourceTree = "<group>"; };
		91AEF4301DEB55600007B1D0 /* CommuteTests.xctest */ = {isa = PBXFileReference; explicitFileType = wrapper.cfbundle; includeInIndex = 0; path = CommuteTests.xctest; sourceTree = BUILT_PRODUCTS_DIR; };
		91AEF4341DEB55600007B1D0 /* CommuteTests.swift */ = {isa = PBXFileReference; lastKnownFileType = sourcecode.swift; path = CommuteTests.swift; sourceTree = "<group>"; };
		91AEF4361DEB55600007B1D0 /* Info.plist */ = {isa = PBXFileReference; lastKnownFileType = text.plist.xml; path = Info.plist; sourceTree = "<group>"; };
		91EE701C1DF0E7D80079ED43 /* ImageEntity+CoreDataClass.swift */ = {isa = PBXFileReference; fileEncoding = 4; lastKnownFileType = sourcecode.swift; path = "ImageEntity+CoreDataClass.swift"; sourceTree = "<group>"; };
		91EE701D1DF0E7D80079ED43 /* ImageEntity+CoreDataProperties.swift */ = {isa = PBXFileReference; fileEncoding = 4; lastKnownFileType = sourcecode.swift; path = "ImageEntity+CoreDataProperties.swift"; sourceTree = "<group>"; };
		91EE70221DF0F3AC0079ED43 /* LogoImage.swift */ = {isa = PBXFileReference; fileEncoding = 4; lastKnownFileType = sourcecode.swift; path = LogoImage.swift; sourceTree = "<group>"; };
/* End PBXFileReference section */

/* Begin PBXFrameworksBuildPhase section */
		91AEF4171DEB55600007B1D0 /* Frameworks */ = {
			isa = PBXFrameworksBuildPhase;
			buildActionMask = 2147483647;
			files = (
			);
			runOnlyForDeploymentPostprocessing = 0;
		};
		91AEF42D1DEB55600007B1D0 /* Frameworks */ = {
			isa = PBXFrameworksBuildPhase;
			buildActionMask = 2147483647;
			files = (
			);
			runOnlyForDeploymentPostprocessing = 0;
		};
/* End PBXFrameworksBuildPhase section */

/* Begin PBXGroup section */
		91690A451DECC23E003B94FF /* Resources */ = {
			isa = PBXGroup;
			children = (
				91AEF41D1DEB55600007B1D0 /* AppDelegate.swift */,
				91AEF4261DEB55600007B1D0 /* Assets.xcassets */,
				91AEF4281DEB55600007B1D0 /* LaunchScreen.storyboard */,
				91AEF42B1DEB55600007B1D0 /* Info.plist */,
			);
			name = Resources;
			sourceTree = "<group>";
		};
		91AEF4111DEB55600007B1D0 = {
			isa = PBXGroup;
			children = (
				91AEF41C1DEB55600007B1D0 /* Commute */,
				91AEF4331DEB55600007B1D0 /* CommuteTests */,
				91AEF41B1DEB55600007B1D0 /* Products */,
			);
			sourceTree = "<group>";
		};
		91AEF41B1DEB55600007B1D0 /* Products */ = {
			isa = PBXGroup;
			children = (
				91AEF41A1DEB55600007B1D0 /* Commute.app */,
				91AEF4301DEB55600007B1D0 /* CommuteTests.xctest */,
			);
			name = Products;
			sourceTree = "<group>";
		};
		91AEF41C1DEB55600007B1D0 /* Commute */ = {
			isa = PBXGroup;
			children = (
				91EE70211DF0E7F30079ED43 /* Model */,
				91EE70201DF0E7E30079ED43 /* Data */,
				91690A571DEE42A8003B94FF /* MenuTabBarController.swift */,
				91690A461DECC2B1003B94FF /* TravelTableViewController.swift */,
				91690A4A1DECC4FC003B94FF /* TravelTableViewCell.swift */,
				91AEF4231DEB55600007B1D0 /* Main.storyboard */,
				91690A411DECC1AE003B94FF /* TravelTableViewController.storyboard */,
				91690A451DECC23E003B94FF /* Resources */,
			);
			path = Commute;
			sourceTree = "<group>";
		};
		91AEF4331DEB55600007B1D0 /* CommuteTests */ = {
			isa = PBXGroup;
			children = (
				91AEF4341DEB55600007B1D0 /* CommuteTests.swift */,
				91AEF4361DEB55600007B1D0 /* Info.plist */,
			);
			path = CommuteTests;
			sourceTree = "<group>";
		};
		91EE70201DF0E7E30079ED43 /* Data */ = {
			isa = PBXGroup;
			children = (
				91690A4E1DEE1B34003B94FF /* Commute.xcdatamodeld */,
				91EE701C1DF0E7D80079ED43 /* ImageEntity+CoreDataClass.swift */,
				91EE701D1DF0E7D80079ED43 /* ImageEntity+CoreDataProperties.swift */,
			);
			name = Data;
			sourceTree = "<group>";
		};
		91EE70211DF0E7F30079ED43 /* Model */ = {
			isa = PBXGroup;
			children = (
				91EE70221DF0F3AC0079ED43 /* LogoImage.swift */,
				91690A481DECC2C7003B94FF /* Model.swift */,
				91690A531DEE3367003B94FF /* NetworkManager.swift */,
				91690A511DEE1C14003B94FF /* CoreDataManager.swift */,
			);
			name = Model;
			sourceTree = "<group>";
		};
/* End PBXGroup section */

/* Begin PBXNativeTarget section */
		91AEF4191DEB55600007B1D0 /* Commute */ = {
			isa = PBXNativeTarget;
			buildConfigurationList = 91AEF4391DEB55600007B1D0 /* Build configuration list for PBXNativeTarget "Commute" */;
			buildPhases = (
				91AEF4161DEB55600007B1D0 /* Sources */,
				91AEF4171DEB55600007B1D0 /* Frameworks */,
				91AEF4181DEB55600007B1D0 /* Resources */,
			);
			buildRules = (
			);
			dependencies = (
			);
			name = Commute;
			productName = Commute;
			productReference = 91AEF41A1DEB55600007B1D0 /* Commute.app */;
			productType = "com.apple.product-type.application";
		};
		91AEF42F1DEB55600007B1D0 /* CommuteTests */ = {
			isa = PBXNativeTarget;
			buildConfigurationList = 91AEF43C1DEB55600007B1D0 /* Build configuration list for PBXNativeTarget "CommuteTests" */;
			buildPhases = (
				91AEF42C1DEB55600007B1D0 /* Sources */,
				91AEF42D1DEB55600007B1D0 /* Frameworks */,
				91AEF42E1DEB55600007B1D0 /* Resources */,
			);
			buildRules = (
			);
			dependencies = (
				91AEF4321DEB55600007B1D0 /* PBXTargetDependency */,
			);
			name = CommuteTests;
			productName = CommuteTests;
			productReference = 91AEF4301DEB55600007B1D0 /* CommuteTests.xctest */;
			productType = "com.apple.product-type.bundle.unit-test";
		};
/* End PBXNativeTarget section */

/* Begin PBXProject section */
		91AEF4121DEB55600007B1D0 /* Project object */ = {
			isa = PBXProject;
			attributes = {
				LastSwiftUpdateCheck = 0810;
				LastUpgradeCheck = 0810;
				ORGANIZATIONNAME = "Boris Yurkevich";
				TargetAttributes = {
					91AEF4191DEB55600007B1D0 = {
						CreatedOnToolsVersion = 8.1;
						DevelopmentTeam = AF8594QJUT;
						ProvisioningStyle = Automatic;
					};
					91AEF42F1DEB55600007B1D0 = {
						CreatedOnToolsVersion = 8.1;
						DevelopmentTeam = AF8594QJUT;
						ProvisioningStyle = Automatic;
						TestTargetID = 91AEF4191DEB55600007B1D0;
					};
				};
			};
			buildConfigurationList = 91AEF4151DEB55600007B1D0 /* Build configuration list for PBXProject "Commute" */;
			compatibilityVersion = "Xcode 3.2";
			developmentRegion = English;
			hasScannedForEncodings = 0;
			knownRegions = (
				en,
				Base,
			);
			mainGroup = 91AEF4111DEB55600007B1D0;
			productRefGroup = 91AEF41B1DEB55600007B1D0 /* Products */;
			projectDirPath = "";
			projectRoot = "";
			targets = (
				91AEF4191DEB55600007B1D0 /* Commute */,
				91AEF42F1DEB55600007B1D0 /* CommuteTests */,
			);
		};
/* End PBXProject section */

/* Begin PBXResourcesBuildPhase section */
		91AEF4181DEB55600007B1D0 /* Resources */ = {
			isa = PBXResourcesBuildPhase;
			buildActionMask = 2147483647;
			files = (
				91690A421DECC1AE003B94FF /* TravelTableViewController.storyboard in Resources */,
				91AEF42A1DEB55600007B1D0 /* LaunchScreen.storyboard in Resources */,
				91AEF4271DEB55600007B1D0 /* Assets.xcassets in Resources */,
				91AEF4251DEB55600007B1D0 /* Main.storyboard in Resources */,
			);
			runOnlyForDeploymentPostprocessing = 0;
		};
		91AEF42E1DEB55600007B1D0 /* Resources */ = {
			isa = PBXResourcesBuildPhase;
			buildActionMask = 2147483647;
			files = (
			);
			runOnlyForDeploymentPostprocessing = 0;
		};
/* End PBXResourcesBuildPhase section */

/* Begin PBXSourcesBuildPhase section */
		91AEF4161DEB55600007B1D0 /* Sources */ = {
			isa = PBXSourcesBuildPhase;
			buildActionMask = 2147483647;
			files = (
				91EE70231DF0F3AC0079ED43 /* LogoImage.swift in Sources */,
				91690A521DEE1C14003B94FF /* CoreDataManager.swift in Sources */,
				91690A491DECC2C7003B94FF /* Model.swift in Sources */,
				91690A581DEE42A8003B94FF /* MenuTabBarController.swift in Sources */,
				91EE701F1DF0E7D80079ED43 /* ImageEntity+CoreDataProperties.swift in Sources */,
				91690A501DEE1B34003B94FF /* Commute.xcdatamodeld in Sources */,
				91690A541DEE3367003B94FF /* NetworkManager.swift in Sources */,
				91EE701E1DF0E7D80079ED43 /* ImageEntity+CoreDataClass.swift in Sources */,
				91690A4B1DECC4FC003B94FF /* TravelTableViewCell.swift in Sources */,
				91AEF41E1DEB55600007B1D0 /* AppDelegate.swift in Sources */,
				91690A471DECC2B1003B94FF /* TravelTableViewController.swift in Sources */,
			);
			runOnlyForDeploymentPostprocessing = 0;
		};
		91AEF42C1DEB55600007B1D0 /* Sources */ = {
			isa = PBXSourcesBuildPhase;
			buildActionMask = 2147483647;
			files = (
				91AEF4351DEB55600007B1D0 /* CommuteTests.swift in Sources */,
			);
			runOnlyForDeploymentPostprocessing = 0;
		};
/* End PBXSourcesBuildPhase section */

/* Begin PBXTargetDependency section */
		91AEF4321DEB55600007B1D0 /* PBXTargetDependency */ = {
			isa = PBXTargetDependency;
			target = 91AEF4191DEB55600007B1D0 /* Commute */;
			targetProxy = 91AEF4311DEB55600007B1D0 /* PBXContainerItemProxy */;
		};
/* End PBXTargetDependency section */

/* Begin PBXVariantGroup section */
		91AEF4231DEB55600007B1D0 /* Main.storyboard */ = {
			isa = PBXVariantGroup;
			children = (
				91AEF4241DEB55600007B1D0 /* Base */,
			);
			name = Main.storyboard;
			sourceTree = "<group>";
		};
		91AEF4281DEB55600007B1D0 /* LaunchScreen.storyboard */ = {
			isa = PBXVariantGroup;
			children = (
				91AEF4291DEB55600007B1D0 /* Base */,
			);
			name = LaunchScreen.storyboard;
			sourceTree = "<group>";
		};
/* End PBXVariantGroup section */

/* Begin XCBuildConfiguration section */
		91AEF4371DEB55600007B1D0 /* Debug */ = {
			isa = XCBuildConfiguration;
			buildSettings = {
				ALWAYS_SEARCH_USER_PATHS = NO;
				CLANG_ANALYZER_NONNULL = YES;
				CLANG_CXX_LANGUAGE_STANDARD = "gnu++0x";
				CLANG_CXX_LIBRARY = "libc++";
				CLANG_ENABLE_MODULES = YES;
				CLANG_ENABLE_OBJC_ARC = YES;
				CLANG_WARN_BOOL_CONVERSION = YES;
				CLANG_WARN_CONSTANT_CONVERSION = YES;
				CLANG_WARN_DIRECT_OBJC_ISA_USAGE = YES_ERROR;
				CLANG_WARN_DOCUMENTATION_COMMENTS = YES;
				CLANG_WARN_EMPTY_BODY = YES;
				CLANG_WARN_ENUM_CONVERSION = YES;
				CLANG_WARN_INFINITE_RECURSION = YES;
				CLANG_WARN_INT_CONVERSION = YES;
				CLANG_WARN_OBJC_ROOT_CLASS = YES_ERROR;
				CLANG_WARN_SUSPICIOUS_MOVES = YES;
				CLANG_WARN_UNREACHABLE_CODE = YES;
				CLANG_WARN__DUPLICATE_METHOD_MATCH = YES;
				"CODE_SIGN_IDENTITY[sdk=iphoneos*]" = "iPhone Developer";
				COPY_PHASE_STRIP = NO;
				DEBUG_INFORMATION_FORMAT = dwarf;
				ENABLE_STRICT_OBJC_MSGSEND = YES;
				ENABLE_TESTABILITY = YES;
				GCC_C_LANGUAGE_STANDARD = gnu99;
				GCC_DYNAMIC_NO_PIC = NO;
				GCC_NO_COMMON_BLOCKS = YES;
				GCC_OPTIMIZATION_LEVEL = 0;
				GCC_PREPROCESSOR_DEFINITIONS = (
					"DEBUG=1",
					"$(inherited)",
				);
				GCC_WARN_64_TO_32_BIT_CONVERSION = YES;
				GCC_WARN_ABOUT_RETURN_TYPE = YES_ERROR;
				GCC_WARN_UNDECLARED_SELECTOR = YES;
				GCC_WARN_UNINITIALIZED_AUTOS = YES_AGGRESSIVE;
				GCC_WARN_UNUSED_FUNCTION = YES;
				GCC_WARN_UNUSED_VARIABLE = YES;
				IPHONEOS_DEPLOYMENT_TARGET = 10.1;
				MTL_ENABLE_DEBUG_INFO = YES;
				ONLY_ACTIVE_ARCH = YES;
				SDKROOT = iphoneos;
				SWIFT_ACTIVE_COMPILATION_CONDITIONS = DEBUG;
				SWIFT_OPTIMIZATION_LEVEL = "-Onone";
				TARGETED_DEVICE_FAMILY = "1,2";
			};
			name = Debug;
		};
		91AEF4381DEB55600007B1D0 /* Release */ = {
			isa = XCBuildConfiguration;
			buildSettings = {
				ALWAYS_SEARCH_USER_PATHS = NO;
				CLANG_ANALYZER_NONNULL = YES;
				CLANG_CXX_LANGUAGE_STANDARD = "gnu++0x";
				CLANG_CXX_LIBRARY = "libc++";
				CLANG_ENABLE_MODULES = YES;
				CLANG_ENABLE_OBJC_ARC = YES;
				CLANG_WARN_BOOL_CONVERSION = YES;
				CLANG_WARN_CONSTANT_CONVERSION = YES;
				CLANG_WARN_DIRECT_OBJC_ISA_USAGE = YES_ERROR;
				CLANG_WARN_DOCUMENTATION_COMMENTS = YES;
				CLANG_WARN_EMPTY_BODY = YES;
				CLANG_WARN_ENUM_CONVERSION = YES;
				CLANG_WARN_INFINITE_RECURSION = YES;
				CLANG_WARN_INT_CONVERSION = YES;
				CLANG_WARN_OBJC_ROOT_CLASS = YES_ERROR;
				CLANG_WARN_SUSPICIOUS_MOVES = YES;
				CLANG_WARN_UNREACHABLE_CODE = YES;
				CLANG_WARN__DUPLICATE_METHOD_MATCH = YES;
				"CODE_SIGN_IDENTITY[sdk=iphoneos*]" = "iPhone Developer";
				COPY_PHASE_STRIP = NO;
				DEBUG_INFORMATION_FORMAT = "dwarf-with-dsym";
				ENABLE_NS_ASSERTIONS = NO;
				ENABLE_STRICT_OBJC_MSGSEND = YES;
				GCC_C_LANGUAGE_STANDARD = gnu99;
				GCC_NO_COMMON_BLOCKS = YES;
				GCC_WARN_64_TO_32_BIT_CONVERSION = YES;
				GCC_WARN_ABOUT_RETURN_TYPE = YES_ERROR;
				GCC_WARN_UNDECLARED_SELECTOR = YES;
				GCC_WARN_UNINITIALIZED_AUTOS = YES_AGGRESSIVE;
				GCC_WARN_UNUSED_FUNCTION = YES;
				GCC_WARN_UNUSED_VARIABLE = YES;
				IPHONEOS_DEPLOYMENT_TARGET = 10.1;
				MTL_ENABLE_DEBUG_INFO = NO;
				SDKROOT = iphoneos;
				SWIFT_OPTIMIZATION_LEVEL = "-Owholemodule";
				TARGETED_DEVICE_FAMILY = "1,2";
				VALIDATE_PRODUCT = YES;
			};
			name = Release;
		};
		91AEF43A1DEB55600007B1D0 /* Debug */ = {
			isa = XCBuildConfiguration;
			buildSettings = {
				ASSETCATALOG_COMPILER_APPICON_NAME = AppIcon;
				DEVELOPMENT_TEAM = AF8594QJUT;
				INFOPLIST_FILE = Commute/Info.plist;
				LD_RUNPATH_SEARCH_PATHS = "$(inherited) @executable_path/Frameworks";
				PRODUCT_BUNDLE_IDENTIFIER = net.borisy.Commute;
				PRODUCT_NAME = "$(TARGET_NAME)";
				SWIFT_VERSION = 3.0;
			};
			name = Debug;
		};
		91AEF43B1DEB55600007B1D0 /* Release */ = {
			isa = XCBuildConfiguration;
			buildSettings = {
				ASSETCATALOG_COMPILER_APPICON_NAME = AppIcon;
				DEVELOPMENT_TEAM = AF8594QJUT;
				INFOPLIST_FILE = Commute/Info.plist;
				LD_RUNPATH_SEARCH_PATHS = "$(inherited) @executable_path/Frameworks";
				PRODUCT_BUNDLE_IDENTIFIER = net.borisy.Commute;
				PRODUCT_NAME = "$(TARGET_NAME)";
				SWIFT_VERSION = 3.0;
			};
			name = Release;
		};
		91AEF43D1DEB55600007B1D0 /* Debug */ = {
			isa = XCBuildConfiguration;
			buildSettings = {
				ALWAYS_EMBED_SWIFT_STANDARD_LIBRARIES = YES;
				BUNDLE_LOADER = "$(TEST_HOST)";
				DEVELOPMENT_TEAM = AF8594QJUT;
				INFOPLIST_FILE = CommuteTests/Info.plist;
				LD_RUNPATH_SEARCH_PATHS = "$(inherited) @executable_path/Frameworks @loader_path/Frameworks";
				PRODUCT_BUNDLE_IDENTIFIER = net.borisy.CommuteTests;
				PRODUCT_NAME = "$(TARGET_NAME)";
				SWIFT_VERSION = 3.0;
				TEST_HOST = "$(BUILT_PRODUCTS_DIR)/Commute.app/Commute";
			};
			name = Debug;
		};
		91AEF43E1DEB55600007B1D0 /* Release */ = {
			isa = XCBuildConfiguration;
			buildSettings = {
				ALWAYS_EMBED_SWIFT_STANDARD_LIBRARIES = YES;
				BUNDLE_LOADER = "$(TEST_HOST)";
				DEVELOPMENT_TEAM = AF8594QJUT;
				INFOPLIST_FILE = CommuteTests/Info.plist;
				LD_RUNPATH_SEARCH_PATHS = "$(inherited) @executable_path/Frameworks @loader_path/Frameworks";
				PRODUCT_BUNDLE_IDENTIFIER = net.borisy.CommuteTests;
				PRODUCT_NAME = "$(TARGET_NAME)";
				SWIFT_VERSION = 3.0;
				TEST_HOST = "$(BUILT_PRODUCTS_DIR)/Commute.app/Commute";
			};
			name = Release;
		};
/* End XCBuildConfiguration section */

/* Begin XCConfigurationList section */
		91AEF4151DEB55600007B1D0 /* Build configuration list for PBXProject "Commute" */ = {
			isa = XCConfigurationList;
			buildConfigurations = (
				91AEF4371DEB55600007B1D0 /* Debug */,
				91AEF4381DEB55600007B1D0 /* Release */,
			);
			defaultConfigurationIsVisible = 0;
			defaultConfigurationName = Release;
		};
		91AEF4391DEB55600007B1D0 /* Build configuration list for PBXNativeTarget "Commute" */ = {
			isa = XCConfigurationList;
			buildConfigurations = (
				91AEF43A1DEB55600007B1D0 /* Debug */,
				91AEF43B1DEB55600007B1D0 /* Release */,
			);
			defaultConfigurationIsVisible = 0;
			defaultConfigurationName = Release;
		};
		91AEF43C1DEB55600007B1D0 /* Build configuration list for PBXNativeTarget "CommuteTests" */ = {
			isa = XCConfigurationList;
			buildConfigurations = (
				91AEF43D1DEB55600007B1D0 /* Debug */,
				91AEF43E1DEB55600007B1D0 /* Release */,
			);
			defaultConfigurationIsVisible = 0;
			defaultConfigurationName = Release;
		};
/* End XCConfigurationList section */

/* Begin XCVersionGroup section */
		91690A4E1DEE1B34003B94FF /* Commute.xcdatamodeld */ = {
			isa = XCVersionGroup;
			children = (
				91690A4F1DEE1B34003B94FF /* Commute.xcdatamodel */,
			);
			currentVersion = 91690A4F1DEE1B34003B94FF /* Commute.xcdatamodel */;
			path = Commute.xcdatamodeld;
			sourceTree = "<group>";
			versionGroupType = wrapper.xcdatamodel;
		};
/* End XCVersionGroup section */
	};
	rootObject = 91AEF4121DEB55600007B1D0 /* Project object */;
}
